{
    "_readme": [
        "This file locks the dependencies of your project to a known state",
        "Read more about it at https://getcomposer.org/doc/01-basic-usage.md#composer-lock-the-lock-file",
        "This file is @generated automatically"
    ],
    "hash": "a9d6a5db870a01d59809fea64c942fe9",
    "content-hash": "464aca6d7ecd99297aa8830f4e310791",
    "packages": [
        {
            "name": "firebase/php-jwt",
            "version": "v5.0.0",
            "source": {
                "type": "git",
                "url": "https://github.com/firebase/php-jwt.git",
                "reference": "9984a4d3a32ae7673d6971ea00bae9d0a1abba0e"
            },
            "dist": {
                "type": "zip",
                "url": "https://api.github.com/repos/firebase/php-jwt/zipball/9984a4d3a32ae7673d6971ea00bae9d0a1abba0e",
                "reference": "9984a4d3a32ae7673d6971ea00bae9d0a1abba0e",
                "shasum": ""
            },
            "require": {
                "php": ">=5.3.0"
            },
            "require-dev": {
                "phpunit/phpunit": " 4.8.35"
            },
            "type": "library",
            "autoload": {
                "psr-4": {
                    "Firebase\\JWT\\": "src"
                }
            },
            "notification-url": "https://packagist.org/downloads/",
            "license": [
                "BSD-3-Clause"
            ],
            "authors": [
                {
                    "name": "Neuman Vong",
                    "email": "neuman+pear@twilio.com",
                    "role": "Developer"
                },
                {
                    "name": "Anant Narayanan",
                    "email": "anant@php.net",
                    "role": "Developer"
                }
            ],
            "description": "A simple library to encode and decode JSON Web Tokens (JWT) in PHP. Should conform to the current spec.",
            "homepage": "https://github.com/firebase/php-jwt",
            "time": "2017-06-27 22:17:23"
        },
        {
            "name": "jalle19/php-yui-compressor",
            "version": "1.0.1",
            "source": {
                "type": "git",
                "url": "https://github.com/Jalle19/php-yui-compressor.git",
                "reference": "eb88c4f7fd8d7c8bd15a1970611d67cca11f71a0"
            },
            "dist": {
                "type": "zip",
                "url": "https://api.github.com/repos/Jalle19/php-yui-compressor/zipball/eb88c4f7fd8d7c8bd15a1970611d67cca11f71a0",
                "reference": "eb88c4f7fd8d7c8bd15a1970611d67cca11f71a0",
                "shasum": ""
            },
            "require": {
                "nervo/yuicompressor": "2.4.*",
                "php": ">=5.3.0"
            },
            "type": "library",
            "autoload": {
                "psr-0": {
                    "YUI": "lib/"
                }
            },
            "notification-url": "https://packagist.org/downloads/",
            "license": [
                "BSD-2-Clause"
            ],
            "description": "A modern PHP wrapper for the YUI compressor",
            "homepage": "https://github.com/Jalle19/php-yui-compressor",
            "keywords": [
                "JS",
                "css",
                "minify",
                "yui"
            ],
            "time": "2014-06-03 12:02:11"
        },
        {
            "name": "nervo/yuicompressor",
            "version": "2.4.8",
            "source": {
                "type": "git",
                "url": "https://github.com/nervo/yuicompressor.git",
                "reference": "e6e3b215c3998cf6092613c002ae533ae75d7ada"
            },
            "dist": {
                "type": "zip",
                "url": "https://api.github.com/repos/nervo/yuicompressor/zipball/e6e3b215c3998cf6092613c002ae533ae75d7ada",
                "reference": "e6e3b215c3998cf6092613c002ae533ae75d7ada",
                "shasum": ""
            },
            "type": "library",
            "notification-url": "https://packagist.org/downloads/",
            "license": [
                "BSD"
            ],
            "description": "YUI Compressor is an open source tool that supports the compression of both JavaScript and CSS files. The JavaScript compression removes comments and white-spaces as well as obfuscates local variables using the smallest possible variable name. CSS compression is done using a regular-expression-based CSS minifier.",
            "homepage": "https://github.com/yui/yuicompressor",
            "keywords": [
                "java",
                "yui"
            ],
            "time": "2013-09-13 10:26:14"
        }
    ],
    "packages-dev": [],
    "aliases": [],
    "minimum-stability": "stable",
    "stability-flags": [],
    "prefer-stable": false,
    "prefer-lowest": false,
    "platform": [],
    "platform-dev": []
}
